
Microsoft Visual Studio Solution File, Format Version 12.00
# Visual Studio Version 17
VisualStudioVersion = 17.14.36930.0
MinimumVisualStudioVersion = 10.0.40219.1
Project("{FAE04EC0-301F-11D3-BF4B-00C04F79EFBC}") = "ERP.Core.Api", "ERP.Core.Api.csproj", "{5E5F9145-C7CC-41A5-B1C4-C5CA8BD51C73}"
EndProject
Project("{FAE04EC0-301F-11D3-BF4B-00C04F79EFBC}") = "ERP.HumanResources.Api", "..\ERP.HumanResources.Api\ERP.HumanResources.Api.csproj", "{A35872AC-5455-4847-85BE-0B1D20227C6A}"
EndProject
Project("{FAE04EC0-301F-11D3-BF4B-00C04F79EFBC}") = "ERP.HumanResources.Application", "..\ERP.HumanResources.Application\ERP.HumanResources.Application.csproj", "{4F5E10C8-7AAF-4F1B-A2AE-054A6D60CB4A}"
EndProject
Project("{FAE04EC0-301F-11D3-BF4B-00C04F79EFBC}") = "ERP.HumanResources.Domain", "..\ERP.HumanResources.Domain\ERP.HumanResources.Domain.csproj", "{52120FF8-EF35-4E0B-90F9-0069CCCBEAD5}"
EndProject
Project("{FAE04EC0-301F-11D3-BF4B-00C04F79EFBC}") = "ERP.HumanResources.Infrastructure", "..\ERP.HumanResources.Infrastructure\ERP.HumanResources.Infrastructure.csproj", "{DD027D39-8E6F-4417-BC1B-2931C0071F56}"
EndProject
Global
	GlobalSection(SolutionConfigurationPlatforms) = preSolution
		Debug|Any CPU = Debug|Any CPU
		Release|Any CPU = Release|Any CPU
	EndGlobalSection
	GlobalSection(ProjectConfigurationPlatforms) = postSolution
		{5E5F9145-C7CC-41A5-B1C4-C5CA8BD51C73}.Debug|Any CPU.ActiveCfg = Debug|Any CPU
		{5E5F9145-C7CC-41A5-B1C4-C5CA8BD51C73}.Debug|Any CPU.Build.0 = Debug|Any CPU
		{5E5F9145-C7CC-41A5-B1C4-C5CA8BD51C73}.Release|Any CPU.ActiveCfg = Release|Any CPU
		{5E5F9145-C7CC-41A5-B1C4-C5CA8BD51C73}.Release|Any CPU.Build.0 = Release|Any CPU
		{A35872AC-5455-4847-85BE-0B1D20227C6A}.Debug|Any CPU.ActiveCfg = Debug|Any CPU
		{A35872AC-5455-4847-85BE-0B1D20227C6A}.Debug|Any CPU.Build.0 = Debug|Any CPU
		{A35872AC-5455-4847-85BE-0B1D20227C6A}.Release|Any CPU.ActiveCfg = Release|Any CPU
		{A35872AC-5455-4847-85BE-0B1D20227C6A}.Release|Any CPU.Build.0 = Release|Any CPU
		{4F5E10C8-7AAF-4F1B-A2AE-054A6D60CB4A}.Debug|Any CPU.ActiveCfg = Debug|Any CPU
		{4F5E10C8-7AAF-4F1B-A2AE-054A6D60CB4A}.Debug|Any CPU.Build.0 = Debug|Any CPU
		{4F5E10C8-7AAF-4F1B-A2AE-054A6D60CB4A}.Release|Any CPU.ActiveCfg = Release|Any CPU
		{4F5E10C8-7AAF-4F1B-A2AE-054A6D60CB4A}.Release|Any CPU.Build.0 = Release|Any CPU
		{52120FF8-EF35-4E0B-90F9-0069CCCBEAD5}.Debug|Any CPU.ActiveCfg = Debug|Any CPU
		{52120FF8-EF35-4E0B-90F9-0069CCCBEAD5}.Debug|Any CPU.Build.0 = Debug|Any CPU
		{52120FF8-EF35-4E0B-90F9-0069CCCBEAD5}.Release|Any CPU.ActiveCfg = Release|Any CPU
		{52120FF8-EF35-4E0B-90F9-0069CCCBEAD5}.Release|Any CPU.Build.0 = Release|Any CPU
		{DD027D39-8E6F-4417-BC1B-2931C0071F56}.Debug|Any CPU.ActiveCfg = Debug|Any CPU
		{DD027D39-8E6F-4417-BC1B-2931C0071F56}.Debug|Any CPU.Build.0 = Debug|Any CPU
		{DD027D39-8E6F-4417-BC1B-2931C0071F56}.Release|Any CPU.ActiveCfg = Release|Any CPU
		{DD027D39-8E6F-4417-BC1B-2931C0071F56}.Release|Any CPU.Build.0 = Release|Any CPU
	EndGlobalSection
	GlobalSection(SolutionProperties) = preSolution
		HideSolutionNode = FALSE
	EndGlobalSection
	GlobalSection(ExtensibilityGlobals) = postSolution
		SolutionGuid = {3297E82F-5273-42DA-AA90-C667FDE2E242}
	EndGlobalSection
EndGlobal
